
Microsoft Visual Studio Solution File, Format Version 12.00
# Visual Studio Version 17
VisualStudioVersion = 17.0.31903.59
MinimumVisualStudioVersion = 10.0.40219.1
Project("{FAE04EC0-301F-11D3-BF4B-00C04F79EFBC}") = "API", "API\API.csproj", "{1F62F863-E536-47B3-BB85-5FA27F2D06F1}"
EndProject
Project("{FAE04EC0-301F-11D3-BF4B-00C04F79EFBC}") = "Application", "Application\Application.csproj", "{5AE2E063-2F13-40C9-8E58-FEFAF7C28382}"
EndProject
Project("{FAE04EC0-301F-11D3-BF4B-00C04F79EFBC}") = "Domain", "Domain\Domain.csproj", "{C3F4EF45-360A-4A20-878D-6221F3624479}"
EndProject
Project("{FAE04EC0-301F-11D3-BF4B-00C04F79EFBC}") = "Persistence", "Persistence\Persistence.csproj", "{95BE815A-517A-462E-96D6-C95BBAB81E4C}"
EndProject
Global
	GlobalSection(SolutionConfigurationPlatforms) = preSolution
		Debug|Any CPU = Debug|Any CPU
		Release|Any CPU = Release|Any CPU
	EndGlobalSection
	GlobalSection(SolutionProperties) = preSolution
		HideSolutionNode = FALSE
	EndGlobalSection
	GlobalSection(ProjectConfigurationPlatforms) = postSolution
		{1F62F863-E536-47B3-BB85-5FA27F2D06F1}.Debug|Any CPU.ActiveCfg = Debug|Any CPU
		{1F62F863-E536-47B3-BB85-5FA27F2D06F1}.Debug|Any CPU.Build.0 = Debug|Any CPU
		{1F62F863-E536-47B3-BB85-5FA27F2D06F1}.Release|Any CPU.ActiveCfg = Release|Any CPU
		{1F62F863-E536-47B3-BB85-5FA27F2D06F1}.Release|Any CPU.Build.0 = Release|Any CPU
		{5AE2E063-2F13-40C9-8E58-FEFAF7C28382}.Debug|Any CPU.ActiveCfg = Debug|Any CPU
		{5AE2E063-2F13-40C9-8E58-FEFAF7C28382}.Debug|Any CPU.Build.0 = Debug|Any CPU
		{5AE2E063-2F13-40C9-8E58-FEFAF7C28382}.Release|Any CPU.ActiveCfg = Release|Any CPU
		{5AE2E063-2F13-40C9-8E58-FEFAF7C28382}.Release|Any CPU.Build.0 = Release|Any CPU
		{C3F4EF45-360A-4A20-878D-6221F3624479}.Debug|Any CPU.ActiveCfg = Debug|Any CPU
		{C3F4EF45-360A-4A20-878D-6221F3624479}.Debug|Any CPU.Build.0 = Debug|Any CPU
		{C3F4EF45-360A-4A20-878D-6221F3624479}.Release|Any CPU.ActiveCfg = Release|Any CPU
		{C3F4EF45-360A-4A20-878D-6221F3624479}.Release|Any CPU.Build.0 = Release|Any CPU
		{95BE815A-517A-462E-96D6-C95BBAB81E4C}.Debug|Any CPU.ActiveCfg = Debug|Any CPU
		{95BE815A-517A-462E-96D6-C95BBAB81E4C}.Debug|Any CPU.Build.0 = Debug|Any CPU
		{95BE815A-517A-462E-96D6-C95BBAB81E4C}.Release|Any CPU.ActiveCfg = Release|Any CPU
		{95BE815A-517A-462E-96D6-C95BBAB81E4C}.Release|Any CPU.Build.0 = Release|Any CPU
	EndGlobalSection
EndGlobal
